
Microsoft Visual Studio Solution File, Format Version 12.00
# Visual Studio Version 16
VisualStudioVersion = 16.0.29728.190
MinimumVisualStudioVersion = 10.0.40219.1
Project("{FAE04EC0-301F-11D3-BF4B-00C04F79EFBC}") = "BoilerplateApi", "BoilerplateApi.csproj", "{7156EF63-8C01-4C1B-B09D-6978F2A0C3BC}"
EndProject
Global
	GlobalSection(SolutionConfigurationPlatforms) = preSolution
		Debug|Any CPU = Debug|Any CPU
		Release|Any CPU = Release|Any CPU
	EndGlobalSection
	GlobalSection(ProjectConfigurationPlatforms) = postSolution
		{7156EF63-8C01-4C1B-B09D-6978F2A0C3BC}.Debug|Any CPU.ActiveCfg = Debug|Any CPU
		{7156EF63-8C01-4C1B-B09D-6978F2A0C3BC}.Debug|Any CPU.Build.0 = Debug|Any CPU
		{7156EF63-8C01-4C1B-B09D-6978F2A0C3BC}.Release|Any CPU.ActiveCfg = Release|Any CPU
		{7156EF63-8C01-4C1B-B09D-6978F2A0C3BC}.Release|Any CPU.Build.0 = Release|Any CPU
	EndGlobalSection
	GlobalSection(SolutionProperties) = preSolution
		HideSolutionNode = FALSE
	EndGlobalSection
	GlobalSection(ExtensibilityGlobals) = postSolution
		SolutionGuid = {2E9399C5-5419-426F-AB03-0C59221F3643}
	EndGlobalSection
EndGlobal
